{
  "name": "miniProgram",
  "lockfileVersion": 3,
  "requires": true,
  "packages": {
    "": {
      "dependencies": {
        "@escook/request-miniprogram": "^0.2.1",
        "uview-ui": "^2.0.37"
      }
    },
    "node_modules/@escook/request-miniprogram": {
      "version": "0.2.1",
      "resolved": "https://registry.npmjs.org/@escook/request-miniprogram/-/request-miniprogram-0.2.1.tgz",
      "integrity": "sha512-ueWV5YsaEm/ycQZuEjMiA88GFMhfBQSjy9GrP9omy4xAQajkGTbYIlnhzsDfWzRPmRC1fKmAiKMrCVcgS+SHcQ=="
    },
    "node_modules/uview-ui": {
      "version": "2.0.37",
      "resolved": "https://registry.npmjs.org/uview-ui/-/uview-ui-2.0.37.tgz",
      "integrity": "sha512-iBcWNmQa01Wr+z004G6XIVPDctOrJIAx7LObQceUAPxZh6kJYjIOAMp5JE1K4VpoMV5bKYDpCd0gmX+M4nTEQQ==",
      "engines": {
        "HBuilderX": "^3.1.0"
      }
    }
  }
}
